// !$*UTF8*$!
{
	archiveVersion = 1;
	classes = {
	};
	objectVersion = 46;
	objects = {

/* Begin PBXBuildFile section */
		E96342701819BAED004C7FF3 /* Foundation.framework in Frameworks */ = {isa = PBXBuildFile; fileRef = E963426F1819BAED004C7FF3 /* Foundation.framework */; };
		E963427E1819BAED004C7FF3 /* XCTest.framework in Frameworks */ = {isa = PBXBuildFile; fileRef = E963427D1819BAED004C7FF3 /* XCTest.framework */; };
		E963427F1819BAED004C7FF3 /* Foundation.framework in Frameworks */ = {isa = PBXBuildFile; fileRef = E963426F1819BAED004C7FF3 /* Foundation.framework */; };
		E96342811819BAED004C7FF3 /* UIKit.framework in Frameworks */ = {isa = PBXBuildFile; fileRef = E96342801819BAED004C7FF3 /* UIKit.framework */; };
		E96342841819BAED004C7FF3 /* libMIBAboutController.a in Frameworks */ = {isa = PBXBuildFile; fileRef = E963426C1819BAED004C7FF3 /* libMIBAboutController.a */; };
		E963428A1819BAED004C7FF3 /* InfoPlist.strings in Resources */ = {isa = PBXBuildFile; fileRef = E96342881819BAED004C7FF3 /* InfoPlist.strings */; };
		E963428C1819BAED004C7FF3 /* MIBAboutControllerTests.m in Sources */ = {isa = PBXBuildFile; fileRef = E963428B1819BAED004C7FF3 /* MIBAboutControllerTests.m */; };
		E963429B1819BB18004C7FF3 /* MIBAboutController.m in Sources */ = {isa = PBXBuildFile; fileRef = E96342961819BB18004C7FF3 /* MIBAboutController.m */; };
		E963429C1819BB18004C7FF3 /* MIBAboutRow.m in Sources */ = {isa = PBXBuildFile; fileRef = E96342981819BB18004C7FF3 /* MIBAboutRow.m */; };
		E963429D1819BB18004C7FF3 /* MIBAboutSection.m in Sources */ = {isa = PBXBuildFile; fileRef = E963429A1819BB18004C7FF3 /* MIBAboutSection.m */; };
		E96342E81819BE31004C7FF3 /* MIBAboutController.h in CopyFiles */ = {isa = PBXBuildFile; fileRef = E96342951819BB18004C7FF3 /* MIBAboutController.h */; };
		E96342E91819BE31004C7FF3 /* MIBAboutRow.h in CopyFiles */ = {isa = PBXBuildFile; fileRef = E96342971819BB18004C7FF3 /* MIBAboutRow.h */; };
		E96342EA1819BE31004C7FF3 /* MIBAboutSection.h in CopyFiles */ = {isa = PBXBuildFile; fileRef = E96342991819BB18004C7FF3 /* MIBAboutSection.h */; };
/* End PBXBuildFile section */

/* Begin PBXContainerItemProxy section */
		E96342821819BAED004C7FF3 /* PBXContainerItemProxy */ = {
			isa = PBXContainerItemProxy;
			containerPortal = E96342641819BAED004C7FF3 /* Project object */;
			proxyType = 1;
			remoteGlobalIDString = E963426B1819BAED004C7FF3;
			remoteInfo = MIBAboutController;
		};
/* End PBXContainerItemProxy section */

/* Begin PBXCopyFilesBuildPhase section */
		E963426A1819BAED004C7FF3 /* CopyFiles */ = {
			isa = PBXCopyFilesBuildPhase;
			buildActionMask = 2147483647;
			dstPath = "include/$(PRODUCT_NAME)";
			dstSubfolderSpec = 16;
			files = (
				E96342E81819BE31004C7FF3 /* MIBAboutController.h in CopyFiles */,
				E96342E91819BE31004C7FF3 /* MIBAboutRow.h in CopyFiles */,
				E96342EA1819BE31004C7FF3 /* MIBAboutSection.h in CopyFiles */,
			);
			runOnlyForDeploymentPostprocessing = 0;
		};
/* End PBXCopyFilesBuildPhase section */

/* Begin PBXFileReference section */
		E963426C1819BAED004C7FF3 /* libMIBAboutController.a */ = {isa = PBXFileReference; explicitFileType = archive.ar; includeInIndex = 0; path = libMIBAboutController.a; sourceTree = BUILT_PRODUCTS_DIR; };
		E963426F1819BAED004C7FF3 /* Foundation.framework */ = {isa = PBXFileReference; lastKnownFileType = wrapper.framework; name = Foundation.framework; path = System/Library/Frameworks/Foundation.framework; sourceTree = SDKROOT; };
		E96342731819BAED004C7FF3 /* MIBAboutController-Prefix.pch */ = {isa = PBXFileReference; lastKnownFileType = sourcecode.c.h; path = "MIBAboutController-Prefix.pch"; sourceTree = "<group>"; };
		E963427C1819BAED004C7FF3 /* MIBAboutControllerTests.xctest */ = {isa = PBXFileReference; explicitFileType = wrapper.cfbundle; includeInIndex = 0; path = MIBAboutControllerTests.xctest; sourceTree = BUILT_PRODUCTS_DIR; };
		E963427D1819BAED004C7FF3 /* XCTest.framework */ = {isa = PBXFileReference; lastKnownFileType = wrapper.framework; name = XCTest.framework; path = Library/Frameworks/XCTest.framework; sourceTree = DEVELOPER_DIR; };
		E96342801819BAED004C7FF3 /* UIKit.framework */ = {isa = PBXFileReference; lastKnownFileType = wrapper.framework; name = UIKit.framework; path = Library/Frameworks/UIKit.framework; sourceTree = DEVELOPER_DIR; };
		E96342871819BAED004C7FF3 /* MIBAboutControllerTests-Info.plist */ = {isa = PBXFileReference; lastKnownFileType = text.plist.xml; path = "MIBAboutControllerTests-Info.plist"; sourceTree = "<group>"; };
		E96342891819BAED004C7FF3 /* en */ = {isa = PBXFileReference; lastKnownFileType = text.plist.strings; name = en; path = en.lproj/InfoPlist.strings; sourceTree = "<group>"; };
		E963428B1819BAED004C7FF3 /* MIBAboutControllerTests.m */ = {isa = PBXFileReference; lastKnownFileType = sourcecode.c.objc; path = MIBAboutControllerTests.m; sourceTree = "<group>"; };
		E96342951819BB18004C7FF3 /* MIBAboutController.h */ = {isa = PBXFileReference; fileEncoding = 4; lastKnownFileType = sourcecode.c.h; path = MIBAboutController.h; sourceTree = "<group>"; };
		E96342961819BB18004C7FF3 /* MIBAboutController.m */ = {isa = PBXFileReference; fileEncoding = 4; lastKnownFileType = sourcecode.c.objc; path = MIBAboutController.m; sourceTree = "<group>"; };
		E96342971819BB18004C7FF3 /* MIBAboutRow.h */ = {isa = PBXFileReference; fileEncoding = 4; lastKnownFileType = sourcecode.c.h; path = MIBAboutRow.h; sourceTree = "<group>"; };
		E96342981819BB18004C7FF3 /* MIBAboutRow.m */ = {isa = PBXFileReference; fileEncoding = 4; lastKnownFileType = sourcecode.c.objc; path = MIBAboutRow.m; sourceTree = "<group>"; };
		E96342991819BB18004C7FF3 /* MIBAboutSection.h */ = {isa = PBXFileReference; fileEncoding = 4; lastKnownFileType = sourcecode.c.h; path = MIBAboutSection.h; sourceTree = "<group>"; };
		E963429A1819BB18004C7FF3 /* MIBAboutSection.m */ = {isa = PBXFileReference; fileEncoding = 4; lastKnownFileType = sourcecode.c.objc; path = MIBAboutSection.m; sourceTree = "<group>"; };
/* End PBXFileReference section */

/* Begin PBXFrameworksBuildPhase section */
		E96342691819BAED004C7FF3 /* Frameworks */ = {
			isa = PBXFrameworksBuildPhase;
			buildActionMask = 2147483647;
			files = (
				E96342701819BAED004C7FF3 /* Foundation.framework in Frameworks */,
			);
			runOnlyForDeploymentPostprocessing = 0;
		};
		E96342791819BAED004C7FF3 /* Frameworks */ = {
			isa = PBXFrameworksBuildPhase;
			buildActionMask = 2147483647;
			files = (
				E96342841819BAED004C7FF3 /* libMIBAboutController.a in Frameworks */,
				E963427E1819BAED004C7FF3 /* XCTest.framework in Frameworks */,
				E96342811819BAED004C7FF3 /* UIKit.framework in Frameworks */,
				E963427F1819BAED004C7FF3 /* Foundation.framework in Frameworks */,
			);
			runOnlyForDeploymentPostprocessing = 0;
		};
/* End PBXFrameworksBuildPhase section */

/* Begin PBXGroup section */
		E96342631819BAED004C7FF3 = {
			isa = PBXGroup;
			children = (
				E96342711819BAED004C7FF3 /* MIBAboutController */,
				E96342851819BAED004C7FF3 /* MIBAboutControllerTests */,
				E963426E1819BAED004C7FF3 /* Frameworks */,
				E963426D1819BAED004C7FF3 /* Products */,
			);
			sourceTree = "<group>";
		};
		E963426D1819BAED004C7FF3 /* Products */ = {
			isa = PBXGroup;
			children = (
				E963426C1819BAED004C7FF3 /* libMIBAboutController.a */,
				E963427C1819BAED004C7FF3 /* MIBAboutControllerTests.xctest */,
			);
			name = Products;
			sourceTree = "<group>";
		};
		E963426E1819BAED004C7FF3 /* Frameworks */ = {
			isa = PBXGroup;
			children = (
				E963426F1819BAED004C7FF3 /* Foundation.framework */,
				E963427D1819BAED004C7FF3 /* XCTest.framework */,
				E96342801819BAED004C7FF3 /* UIKit.framework */,
			);
			name = Frameworks;
			sourceTree = "<group>";
		};
		E96342711819BAED004C7FF3 /* MIBAboutController */ = {
			isa = PBXGroup;
			children = (
				E96342951819BB18004C7FF3 /* MIBAboutController.h */,
				E96342961819BB18004C7FF3 /* MIBAboutController.m */,
				E96342971819BB18004C7FF3 /* MIBAboutRow.h */,
				E96342981819BB18004C7FF3 /* MIBAboutRow.m */,
				E96342991819BB18004C7FF3 /* MIBAboutSection.h */,
				E963429A1819BB18004C7FF3 /* MIBAboutSection.m */,
				E96342721819BAED004C7FF3 /* Supporting Files */,
			);
			path = MIBAboutController;
			sourceTree = "<group>";
		};
		E96342721819BAED004C7FF3 /* Supporting Files */ = {
			isa = PBXGroup;
			children = (
				E96342731819BAED004C7FF3 /* MIBAboutController-Prefix.pch */,
			);
			name = "Supporting Files";
			sourceTree = "<group>";
		};
		E96342851819BAED004C7FF3 /* MIBAboutControllerTests */ = {
			isa = PBXGroup;
			children = (
				E963428B1819BAED004C7FF3 /* MIBAboutControllerTests.m */,
				E96342861819BAED004C7FF3 /* Supporting Files */,
			);
			path = MIBAboutControllerTests;
			sourceTree = "<group>";
		};
		E96342861819BAED004C7FF3 /* Supporting Files */ = {
			isa = PBXGroup;
			children = (
				E96342871819BAED004C7FF3 /* MIBAboutControllerTests-Info.plist */,
				E96342881819BAED004C7FF3 /* InfoPlist.strings */,
			);
			name = "Supporting Files";
			sourceTree = "<group>";
		};
/* End PBXGroup section */

/* Begin PBXNativeTarget section */
		E963426B1819BAED004C7FF3 /* MIBAboutController */ = {
			isa = PBXNativeTarget;
			buildConfigurationList = E963428F1819BAED004C7FF3 /* Build configuration list for PBXNativeTarget "MIBAboutController" */;
			buildPhases = (
				E96342681819BAED004C7FF3 /* Sources */,
				E96342691819BAED004C7FF3 /* Frameworks */,
				E963426A1819BAED004C7FF3 /* CopyFiles */,
			);
			buildRules = (
			);
			dependencies = (
			);
			name = MIBAboutController;
			productName = MIBAboutController;
			productReference = E963426C1819BAED004C7FF3 /* libMIBAboutController.a */;
			productType = "com.apple.product-type.library.static";
		};
		E963427B1819BAED004C7FF3 /* MIBAboutControllerTests */ = {
			isa = PBXNativeTarget;
			buildConfigurationList = E96342921819BAED004C7FF3 /* Build configuration list for PBXNativeTarget "MIBAboutControllerTests" */;
			buildPhases = (
				E96342781819BAED004C7FF3 /* Sources */,
				E96342791819BAED004C7FF3 /* Frameworks */,
				E963427A1819BAED004C7FF3 /* Resources */,
			);
			buildRules = (
			);
			dependencies = (
				E96342831819BAED004C7FF3 /* PBXTargetDependency */,
			);
			name = MIBAboutControllerTests;
			productName = MIBAboutControllerTests;
			productReference = E963427C1819BAED004C7FF3 /* MIBAboutControllerTests.xctest */;
			productType = "com.apple.product-type.bundle.unit-test";
		};
/* End PBXNativeTarget section */

/* Begin PBXProject section */
		E96342641819BAED004C7FF3 /* Project object */ = {
			isa = PBXProject;
			attributes = {
				LastUpgradeCheck = 0500;
				ORGANIZATIONNAME = "Ben Packard";
			};
			buildConfigurationList = E96342671819BAED004C7FF3 /* Build configuration list for PBXProject "MIBAboutController" */;
			compatibilityVersion = "Xcode 3.2";
			developmentRegion = English;
			hasScannedForEncodings = 0;
			knownRegions = (
				en,
			);
			mainGroup = E96342631819BAED004C7FF3;
			productRefGroup = E963426D1819BAED004C7FF3 /* Products */;
			projectDirPath = "";
			projectRoot = "";
			targets = (
				E963426B1819BAED004C7FF3 /* MIBAboutController */,
				E963427B1819BAED004C7FF3 /* MIBAboutControllerTests */,
			);
		};
/* End PBXProject section */

/* Begin PBXResourcesBuildPhase section */
		E963427A1819BAED004C7FF3 /* Resources */ = {
			isa = PBXResourcesBuildPhase;
			buildActionMask = 2147483647;
			files = (
				E963428A1819BAED004C7FF3 /* InfoPlist.strings in Resources */,
			);
			runOnlyForDeploymentPostprocessing = 0;
		};
/* End PBXResourcesBuildPhase section */

/* Begin PBXSourcesBuildPhase section */
		E96342681819BAED004C7FF3 /* Sources */ = {
			isa = PBXSourcesBuildPhase;
			buildActionMask = 2147483647;
			files = (
				E963429B1819BB18004C7FF3 /* MIBAboutController.m in Sources */,
				E963429D1819BB18004C7FF3 /* MIBAboutSection.m in Sources */,
				E963429C1819BB18004C7FF3 /* MIBAboutRow.m in Sources */,
			);
			runOnlyForDeploymentPostprocessing = 0;
		};
		E96342781819BAED004C7FF3 /* Sources */ = {
			isa = PBXSourcesBuildPhase;
			buildActionMask = 2147483647;
			files = (
				E963428C1819BAED004C7FF3 /* MIBAboutControllerTests.m in Sources */,
			);
			runOnlyForDeploymentPostprocessing = 0;
		};
/* End PBXSourcesBuildPhase section */

/* Begin PBXTargetDependency section */
		E96342831819BAED004C7FF3 /* PBXTargetDependency */ = {
			isa = PBXTargetDependency;
			target = E963426B1819BAED004C7FF3 /* MIBAboutController */;
			targetProxy = E96342821819BAED004C7FF3 /* PBXContainerItemProxy */;
		};
/* End PBXTargetDependency section */

/* Begin PBXVariantGroup section */
		E96342881819BAED004C7FF3 /* InfoPlist.strings */ = {
			isa = PBXVariantGroup;
			children = (
				E96342891819BAED004C7FF3 /* en */,
			);
			name = InfoPlist.strings;
			sourceTree = "<group>";
		};
/* End PBXVariantGroup section */

/* Begin XCBuildConfiguration section */
		E963428D1819BAED004C7FF3 /* Debug */ = {
			isa = XCBuildConfiguration;
			buildSettings = {
				ALWAYS_SEARCH_USER_PATHS = NO;
				ARCHS = "$(ARCHS_STANDARD_INCLUDING_64_BIT)";
				CLANG_CXX_LANGUAGE_STANDARD = "gnu++0x";
				CLANG_CXX_LIBRARY = "libc++";
				CLANG_ENABLE_MODULES = YES;
				CLANG_ENABLE_OBJC_ARC = YES;
				CLANG_WARN_BOOL_CONVERSION = YES;
				CLANG_WARN_CONSTANT_CONVERSION = YES;
				CLANG_WARN_DIRECT_OBJC_ISA_USAGE = YES_ERROR;
				CLANG_WARN_EMPTY_BODY = YES;
				CLANG_WARN_ENUM_CONVERSION = YES;
				CLANG_WARN_INT_CONVERSION = YES;
				CLANG_WARN_OBJC_ROOT_CLASS = YES_ERROR;
				CLANG_WARN__DUPLICATE_METHOD_MATCH = YES;
				COPY_PHASE_STRIP = NO;
				GCC_C_LANGUAGE_STANDARD = gnu99;
				GCC_DYNAMIC_NO_PIC = NO;
				GCC_OPTIMIZATION_LEVEL = 0;
				GCC_PREPROCESSOR_DEFINITIONS = (
					"DEBUG=1",
					"$(inherited)",
				);
				GCC_SYMBOLS_PRIVATE_EXTERN = NO;
				GCC_WARN_64_TO_32_BIT_CONVERSION = YES;
				GCC_WARN_ABOUT_RETURN_TYPE = YES_ERROR;
				GCC_WARN_UNDECLARED_SELECTOR = YES;
				GCC_WARN_UNINITIALIZED_AUTOS = YES;
				GCC_WARN_UNUSED_FUNCTION = YES;
				GCC_WARN_UNUSED_VARIABLE = YES;
				IPHONEOS_DEPLOYMENT_TARGET = 7.0;
				ONLY_ACTIVE_ARCH = YES;
				SDKROOT = iphoneos;
			};
			name = Debug;
		};
		E963428E1819BAED004C7FF3 /* Release */ = {
			isa = XCBuildConfiguration;
			buildSettings = {
				ALWAYS_SEARCH_USER_PATHS = NO;
				ARCHS = "$(ARCHS_STANDARD_INCLUDING_64_BIT)";
				CLANG_CXX_LANGUAGE_STANDARD = "gnu++0x";
				CLANG_CXX_LIBRARY = "libc++";
				CLANG_ENABLE_MODULES = YES;
				CLANG_ENABLE_OBJC_ARC = YES;
				CLANG_WARN_BOOL_CONVERSION = YES;
				CLANG_WARN_CONSTANT_CONVERSION = YES;
				CLANG_WARN_DIRECT_OBJC_ISA_USAGE = YES_ERROR;
				CLANG_WARN_EMPTY_BODY = YES;
				CLANG_WARN_ENUM_CONVERSION = YES;
				CLANG_WARN_INT_CONVERSION = YES;
				CLANG_WARN_OBJC_ROOT_CLASS = YES_ERROR;
				CLANG_WARN__DUPLICATE_METHOD_MATCH = YES;
				COPY_PHASE_STRIP = YES;
				ENABLE_NS_ASSERTIONS = NO;
				GCC_C_LANGUAGE_STANDARD = gnu99;
				GCC_WARN_64_TO_32_BIT_CONVERSION = YES;
				GCC_WARN_ABOUT_RETURN_TYPE = YES_ERROR;
				GCC_WARN_UNDECLARED_SELECTOR = YES;
				GCC_WARN_UNINITIALIZED_AUTOS = YES;
				GCC_WARN_UNUSED_FUNCTION = YES;
				GCC_WARN_UNUSED_VARIABLE = YES;
				IPHONEOS_DEPLOYMENT_TARGET = 7.0;
				SDKROOT = iphoneos;
				VALIDATE_PRODUCT = YES;
			};
			name = Release;
		};
		E96342901819BAED004C7FF3 /* Debug */ = {
			isa = XCBuildConfiguration;
			buildSettings = {
				DSTROOT = /tmp/MIBAboutController.dst;
				GCC_PRECOMPILE_PREFIX_HEADER = YES;
				GCC_PREFIX_HEADER = "MIBAboutController/MIBAboutController-Prefix.pch";
				OTHER_LDFLAGS = "-ObjC";
				PRODUCT_NAME = "$(TARGET_NAME)";
				SKIP_INSTALL = YES;
			};
			name = Debug;
		};
		E96342911819BAED004C7FF3 /* Release */ = {
			isa = XCBuildConfiguration;
			buildSettings = {
				DSTROOT = /tmp/MIBAboutController.dst;
				GCC_PRECOMPILE_PREFIX_HEADER = YES;
				GCC_PREFIX_HEADER = "MIBAboutController/MIBAboutController-Prefix.pch";
				OTHER_LDFLAGS = "-ObjC";
				PRODUCT_NAME = "$(TARGET_NAME)";
				SKIP_INSTALL = YES;
			};
			name = Release;
		};
		E96342931819BAED004C7FF3 /* Debug */ = {
			isa = XCBuildConfiguration;
			buildSettings = {
				ARCHS = "$(ARCHS_STANDARD_INCLUDING_64_BIT)";
				FRAMEWORK_SEARCH_PATHS = (
					"$(SDKROOT)/Developer/Library/Frameworks",
					"$(inherited)",
					"$(DEVELOPER_FRAMEWORKS_DIR)",
				);
				GCC_PRECOMPILE_PREFIX_HEADER = YES;
				GCC_PREFIX_HEADER = "MIBAboutController/MIBAboutController-Prefix.pch";
				GCC_PREPROCESSOR_DEFINITIONS = (
					"DEBUG=1",
					"$(inherited)",
				);
				INFOPLIST_FILE = "MIBAboutControllerTests/MIBAboutControllerTests-Info.plist";
				PRODUCT_NAME = "$(TARGET_NAME)";
				WRAPPER_EXTENSION = xctest;
			};
			name = Debug;
		};
		E96342941819BAED004C7FF3 /* Release */ = {
			isa = XCBuildConfiguration;
			buildSettings = {
				ARCHS = "$(ARCHS_STANDARD_INCLUDING_64_BIT)";
				FRAMEWORK_SEARCH_PATHS = (
					"$(SDKROOT)/Developer/Library/Frameworks",
					"$(inherited)",
					"$(DEVELOPER_FRAMEWORKS_DIR)",
				);
				GCC_PRECOMPILE_PREFIX_HEADER = YES;
				GCC_PREFIX_HEADER = "MIBAboutController/MIBAboutController-Prefix.pch";
				INFOPLIST_FILE = "MIBAboutControllerTests/MIBAboutControllerTests-Info.plist";
				PRODUCT_NAME = "$(TARGET_NAME)";
				WRAPPER_EXTENSION = xctest;
			};
			name = Release;
		};
/* End XCBuildConfiguration section */

/* Begin XCConfigurationList section */
		E96342671819BAED004C7FF3 /* Build configuration list for PBXProject "MIBAboutController" */ = {
			isa = XCConfigurationList;
			buildConfigurations = (
				E963428D1819BAED004C7FF3 /* Debug */,
				E963428E1819BAED004C7FF3 /* Release */,
			);
			defaultConfigurationIsVisible = 0;
			defaultConfigurationName = Release;
		};
		E963428F1819BAED004C7FF3 /* Build configuration list for PBXNativeTarget "MIBAboutController" */ = {
			isa = XCConfigurationList;
			buildConfigurations = (
				E96342901819BAED004C7FF3 /* Debug */,
				E96342911819BAED004C7FF3 /* Release */,
			);
			defaultConfigurationIsVisible = 0;
			defaultConfigurationName = Release;
		};
		E96342921819BAED004C7FF3 /* Build configuration list for PBXNativeTarget "MIBAboutControllerTests" */ = {
			isa = XCConfigurationList;
			buildConfigurations = (
				E96342931819BAED004C7FF3 /* Debug */,
				E96342941819BAED004C7FF3 /* Release */,
			);
			defaultConfigurationIsVisible = 0;
			defaultConfigurationName = Release;
		};
/* End XCConfigurationList section */
	};
	rootObject = E96342641819BAED004C7FF3 /* Project object */;
}
